// !$*UTF8*$!
{
	archiveVersion = 1;
	classes = {
	};
	objectVersion = 55;
	objects = {

/* Begin PBXBuildFile section */
		3950657929CC93AF00A9C925 /* SelectTypeView.swift in Sources */ = {isa = PBXBuildFile; fileRef = 3950657829CC93AF00A9C925 /* SelectTypeView.swift */; };
		3950657B29CC940700A9C925 /* UserFirstSelectView.swift in Sources */ = {isa = PBXBuildFile; fileRef = 3950657A29CC940700A9C925 /* UserFirstSelectView.swift */; };
		3950657D29CC943B00A9C925 /* TimerView.swift in Sources */ = {isa = PBXBuildFile; fileRef = 3950657C29CC943B00A9C925 /* TimerView.swift */; };
		3950657F29CC945E00A9C925 /* UserFinalSelectView.swift in Sources */ = {isa = PBXBuildFile; fileRef = 3950657E29CC945E00A9C925 /* UserFinalSelectView.swift */; };
		3950658129CC949600A9C925 /* SelectBox.swift in Sources */ = {isa = PBXBuildFile; fileRef = 3950658029CC949600A9C925 /* SelectBox.swift */; };
		3950658329CC94AF00A9C925 /* SelectButton.swift in Sources */ = {isa = PBXBuildFile; fileRef = 3950658229CC94AF00A9C925 /* SelectButton.swift */; };
		3950658529CC961300A9C925 /* TimerCode.swift in Sources */ = {isa = PBXBuildFile; fileRef = 3950658429CC961300A9C925 /* TimerCode.swift */; };
		53A7B0AD29C333D300B99211 /* PlayerNameInputView.swift in Sources */ = {isa = PBXBuildFile; fileRef = 53A7B0AC29C333D300B99211 /* PlayerNameInputView.swift */; };
		53A7B0AF29C334B000B99211 /* SelectQuestionThemeView.swift in Sources */ = {isa = PBXBuildFile; fileRef = 53A7B0AE29C334B000B99211 /* SelectQuestionThemeView.swift */; };
		5624C4AE29BFF7CE008C7898 /* Balance_Catch_iOSApp.swift in Sources */ = {isa = PBXBuildFile; fileRef = 5624C4AD29BFF7CE008C7898 /* Balance_Catch_iOSApp.swift */; };
		5624C4B029BFF7CE008C7898 /* LaunchScreenView.swift in Sources */ = {isa = PBXBuildFile; fileRef = 5624C4AF29BFF7CE008C7898 /* LaunchScreenView.swift */; };
		5624C4B229BFF7D2008C7898 /* Assets.xcassets in Resources */ = {isa = PBXBuildFile; fileRef = 5624C4B129BFF7D2008C7898 /* Assets.xcassets */; };
		5624C4B529BFF7D2008C7898 /* Preview Assets.xcassets in Resources */ = {isa = PBXBuildFile; fileRef = 5624C4B429BFF7D2008C7898 /* Preview Assets.xcassets */; };
		5624C4BF29BFF7D2008C7898 /* Balance_Catch_iOSTests.swift in Sources */ = {isa = PBXBuildFile; fileRef = 5624C4BE29BFF7D2008C7898 /* Balance_Catch_iOSTests.swift */; };
		5624C4C929BFF7D2008C7898 /* Balance_Catch_iOSUITests.swift in Sources */ = {isa = PBXBuildFile; fileRef = 5624C4C829BFF7D2008C7898 /* Balance_Catch_iOSUITests.swift */; };
		5624C4CB29BFF7D2008C7898 /* Balance_Catch_iOSUITestsLaunchTests.swift in Sources */ = {isa = PBXBuildFile; fileRef = 5624C4CA29BFF7D2008C7898 /* Balance_Catch_iOSUITestsLaunchTests.swift */; };
		56E2E49C29C037160023095C /* RoundedBlueButton.swift in Sources */ = {isa = PBXBuildFile; fileRef = 56E2E49B29C037160023095C /* RoundedBlueButton.swift */; };
		56E2E49F29C03B050023095C /* CGFloat+.swift in Sources */ = {isa = PBXBuildFile; fileRef = 56E2E49E29C03B050023095C /* CGFloat+.swift */; };
		56E2E4A129C03BB30023095C /* ShapeStyle+.swift in Sources */ = {isa = PBXBuildFile; fileRef = 56E2E4A029C03BB30023095C /* ShapeStyle+.swift */; };
		56E2E4A329C03C900023095C /* String+.swift in Sources */ = {isa = PBXBuildFile; fileRef = 56E2E4A229C03C900023095C /* String+.swift */; };
		56E2E4A629C03E040023095C /* Font+.swift in Sources */ = {isa = PBXBuildFile; fileRef = 56E2E4A529C03E040023095C /* Font+.swift */; };
		56E2E4A929C055730023095C /* BeforePlayRuleDescriptionView.swift in Sources */ = {isa = PBXBuildFile; fileRef = 56E2E4A829C055730023095C /* BeforePlayRuleDescriptionView.swift */; };
		56E2E4AB29C056BE0023095C /* PlayerNumberInputView.swift in Sources */ = {isa = PBXBuildFile; fileRef = 56E2E4AA29C056BE0023095C /* PlayerNumberInputView.swift */; };
/* End PBXBuildFile section */

/* Begin PBXContainerItemProxy section */
		5624C4BB29BFF7D2008C7898 /* PBXContainerItemProxy */ = {
			isa = PBXContainerItemProxy;
			containerPortal = 5624C4A229BFF7CE008C7898 /* Project object */;
			proxyType = 1;
			remoteGlobalIDString = 5624C4A929BFF7CE008C7898;
			remoteInfo = "Balance-Catch-iOS";
		};
		5624C4C529BFF7D2008C7898 /* PBXContainerItemProxy */ = {
			isa = PBXContainerItemProxy;
			containerPortal = 5624C4A229BFF7CE008C7898 /* Project object */;
			proxyType = 1;
			remoteGlobalIDString = 5624C4A929BFF7CE008C7898;
			remoteInfo = "Balance-Catch-iOS";
		};
/* End PBXContainerItemProxy section */

/* Begin PBXFileReference section */
		3950657829CC93AF00A9C925 /* SelectTypeView.swift */ = {isa = PBXFileReference; lastKnownFileType = sourcecode.swift; path = SelectTypeView.swift; sourceTree = "<group>"; };
		3950657A29CC940700A9C925 /* UserFirstSelectView.swift */ = {isa = PBXFileReference; lastKnownFileType = sourcecode.swift; path = UserFirstSelectView.swift; sourceTree = "<group>"; };
		3950657C29CC943B00A9C925 /* TimerView.swift */ = {isa = PBXFileReference; lastKnownFileType = sourcecode.swift; path = TimerView.swift; sourceTree = "<group>"; };
		3950657E29CC945E00A9C925 /* UserFinalSelectView.swift */ = {isa = PBXFileReference; lastKnownFileType = sourcecode.swift; path = UserFinalSelectView.swift; sourceTree = "<group>"; };
		3950658029CC949600A9C925 /* SelectBox.swift */ = {isa = PBXFileReference; lastKnownFileType = sourcecode.swift; path = SelectBox.swift; sourceTree = "<group>"; };
		3950658229CC94AF00A9C925 /* SelectButton.swift */ = {isa = PBXFileReference; lastKnownFileType = sourcecode.swift; path = SelectButton.swift; sourceTree = "<group>"; };
		3950658429CC961300A9C925 /* TimerCode.swift */ = {isa = PBXFileReference; lastKnownFileType = sourcecode.swift; path = TimerCode.swift; sourceTree = "<group>"; };
		53A7B0AC29C333D300B99211 /* PlayerNameInputView.swift */ = {isa = PBXFileReference; lastKnownFileType = sourcecode.swift; path = PlayerNameInputView.swift; sourceTree = "<group>"; };
		53A7B0AE29C334B000B99211 /* SelectQuestionThemeView.swift */ = {isa = PBXFileReference; lastKnownFileType = sourcecode.swift; path = SelectQuestionThemeView.swift; sourceTree = "<group>"; };
		5624C4AA29BFF7CE008C7898 /* Balance-Catch-iOS.app */ = {isa = PBXFileReference; explicitFileType = wrapper.application; includeInIndex = 0; path = "Balance-Catch-iOS.app"; sourceTree = BUILT_PRODUCTS_DIR; };
		5624C4AD29BFF7CE008C7898 /* Balance_Catch_iOSApp.swift */ = {isa = PBXFileReference; lastKnownFileType = sourcecode.swift; path = Balance_Catch_iOSApp.swift; sourceTree = "<group>"; };
		5624C4AF29BFF7CE008C7898 /* LaunchScreenView.swift */ = {isa = PBXFileReference; lastKnownFileType = sourcecode.swift; path = LaunchScreenView.swift; sourceTree = "<group>"; };
		5624C4B129BFF7D2008C7898 /* Assets.xcassets */ = {isa = PBXFileReference; lastKnownFileType = folder.assetcatalog; path = Assets.xcassets; sourceTree = "<group>"; };
		5624C4B429BFF7D2008C7898 /* Preview Assets.xcassets */ = {isa = PBXFileReference; lastKnownFileType = folder.assetcatalog; path = "Preview Assets.xcassets"; sourceTree = "<group>"; };
		5624C4BA29BFF7D2008C7898 /* Balance-Catch-iOSTests.xctest */ = {isa = PBXFileReference; explicitFileType = wrapper.cfbundle; includeInIndex = 0; path = "Balance-Catch-iOSTests.xctest"; sourceTree = BUILT_PRODUCTS_DIR; };
		5624C4BE29BFF7D2008C7898 /* Balance_Catch_iOSTests.swift */ = {isa = PBXFileReference; lastKnownFileType = sourcecode.swift; path = Balance_Catch_iOSTests.swift; sourceTree = "<group>"; };
		5624C4C429BFF7D2008C7898 /* Balance-Catch-iOSUITests.xctest */ = {isa = PBXFileReference; explicitFileType = wrapper.cfbundle; includeInIndex = 0; path = "Balance-Catch-iOSUITests.xctest"; sourceTree = BUILT_PRODUCTS_DIR; };
		5624C4C829BFF7D2008C7898 /* Balance_Catch_iOSUITests.swift */ = {isa = PBXFileReference; lastKnownFileType = sourcecode.swift; path = Balance_Catch_iOSUITests.swift; sourceTree = "<group>"; };
		5624C4CA29BFF7D2008C7898 /* Balance_Catch_iOSUITestsLaunchTests.swift */ = {isa = PBXFileReference; lastKnownFileType = sourcecode.swift; path = Balance_Catch_iOSUITestsLaunchTests.swift; sourceTree = "<group>"; };
		56E2E49B29C037160023095C /* RoundedBlueButton.swift */ = {isa = PBXFileReference; lastKnownFileType = sourcecode.swift; path = RoundedBlueButton.swift; sourceTree = "<group>"; };
		56E2E49E29C03B050023095C /* CGFloat+.swift */ = {isa = PBXFileReference; lastKnownFileType = sourcecode.swift; path = "CGFloat+.swift"; sourceTree = "<group>"; };
		56E2E4A029C03BB30023095C /* ShapeStyle+.swift */ = {isa = PBXFileReference; lastKnownFileType = sourcecode.swift; path = "ShapeStyle+.swift"; sourceTree = "<group>"; };
		56E2E4A229C03C900023095C /* String+.swift */ = {isa = PBXFileReference; lastKnownFileType = sourcecode.swift; path = "String+.swift"; sourceTree = "<group>"; };
		56E2E4A529C03E040023095C /* Font+.swift */ = {isa = PBXFileReference; lastKnownFileType = sourcecode.swift; path = "Font+.swift"; sourceTree = "<group>"; };
		56E2E4A829C055730023095C /* BeforePlayRuleDescriptionView.swift */ = {isa = PBXFileReference; lastKnownFileType = sourcecode.swift; path = BeforePlayRuleDescriptionView.swift; sourceTree = "<group>"; };
		56E2E4AA29C056BE0023095C /* PlayerNumberInputView.swift */ = {isa = PBXFileReference; lastKnownFileType = sourcecode.swift; path = PlayerNumberInputView.swift; sourceTree = "<group>"; };
/* End PBXFileReference section */

/* Begin PBXFrameworksBuildPhase section */
		5624C4A729BFF7CE008C7898 /* Frameworks */ = {
			isa = PBXFrameworksBuildPhase;
			buildActionMask = 2147483647;
			files = (
			);
			runOnlyForDeploymentPostprocessing = 0;
		};
		5624C4B729BFF7D2008C7898 /* Frameworks */ = {
			isa = PBXFrameworksBuildPhase;
			buildActionMask = 2147483647;
			files = (
			);
			runOnlyForDeploymentPostprocessing = 0;
		};
		5624C4C129BFF7D2008C7898 /* Frameworks */ = {
			isa = PBXFrameworksBuildPhase;
			buildActionMask = 2147483647;
			files = (
			);
			runOnlyForDeploymentPostprocessing = 0;
		};
/* End PBXFrameworksBuildPhase section */

/* Begin PBXGroup section */
		5624C4A129BFF7CE008C7898 = {
			isa = PBXGroup;
			children = (
				5624C4AC29BFF7CE008C7898 /* Balance-Catch-iOS */,
				5624C4BD29BFF7D2008C7898 /* Balance-Catch-iOSTests */,
				5624C4C729BFF7D2008C7898 /* Balance-Catch-iOSUITests */,
				5624C4AB29BFF7CE008C7898 /* Products */,
			);
			sourceTree = "<group>";
		};
		5624C4AB29BFF7CE008C7898 /* Products */ = {
			isa = PBXGroup;
			children = (
				5624C4AA29BFF7CE008C7898 /* Balance-Catch-iOS.app */,
				5624C4BA29BFF7D2008C7898 /* Balance-Catch-iOSTests.xctest */,
				5624C4C429BFF7D2008C7898 /* Balance-Catch-iOSUITests.xctest */,
			);
			name = Products;
			sourceTree = "<group>";
		};
		5624C4AC29BFF7CE008C7898 /* Balance-Catch-iOS */ = {
			isa = PBXGroup;
			children = (
				5624C4B329BFF7D2008C7898 /* Preview Content */,
				56E2E4A729C054350023095C /* View */,
				56E2E49D29C03AC90023095C /* Extension */,
				56E2E49A29C037000023095C /* Custom */,
				5624C4AD29BFF7CE008C7898 /* Balance_Catch_iOSApp.swift */,
				5624C4B129BFF7D2008C7898 /* Assets.xcassets */,
			);
			path = "Balance-Catch-iOS";
			sourceTree = "<group>";
		};
		5624C4B329BFF7D2008C7898 /* Preview Content */ = {
			isa = PBXGroup;
			children = (
				5624C4B429BFF7D2008C7898 /* Preview Assets.xcassets */,
			);
			path = "Preview Content";
			sourceTree = "<group>";
		};
		5624C4BD29BFF7D2008C7898 /* Balance-Catch-iOSTests */ = {
			isa = PBXGroup;
			children = (
				5624C4BE29BFF7D2008C7898 /* Balance_Catch_iOSTests.swift */,
			);
			path = "Balance-Catch-iOSTests";
			sourceTree = "<group>";
		};
		5624C4C729BFF7D2008C7898 /* Balance-Catch-iOSUITests */ = {
			isa = PBXGroup;
			children = (
				5624C4C829BFF7D2008C7898 /* Balance_Catch_iOSUITests.swift */,
				5624C4CA29BFF7D2008C7898 /* Balance_Catch_iOSUITestsLaunchTests.swift */,
			);
			path = "Balance-Catch-iOSUITests";
			sourceTree = "<group>";
		};
		56E2E49A29C037000023095C /* Custom */ = {
			isa = PBXGroup;
			children = (
				56E2E49B29C037160023095C /* RoundedBlueButton.swift */,
				3950658029CC949600A9C925 /* SelectBox.swift */,
				3950658229CC94AF00A9C925 /* SelectButton.swift */,
				3950658429CC961300A9C925 /* TimerCode.swift */,
			);
			path = Custom;
			sourceTree = "<group>";
		};
		56E2E49D29C03AC90023095C /* Extension */ = {
			isa = PBXGroup;
			children = (
				56E2E49E29C03B050023095C /* CGFloat+.swift */,
				56E2E4A029C03BB30023095C /* ShapeStyle+.swift */,
				56E2E4A229C03C900023095C /* String+.swift */,
				56E2E4A529C03E040023095C /* Font+.swift */,
			);
			path = Extension;
			sourceTree = "<group>";
		};
		56E2E4A729C054350023095C /* View */ = {
			isa = PBXGroup;
			children = (
				5624C4AF29BFF7CE008C7898 /* LaunchScreenView.swift */,
				56E2E4A829C055730023095C /* BeforePlayRuleDescriptionView.swift */,
				56E2E4AA29C056BE0023095C /* PlayerNumberInputView.swift */,
				53A7B0AC29C333D300B99211 /* PlayerNameInputView.swift */,
				53A7B0AE29C334B000B99211 /* SelectQuestionThemeView.swift */,
				3950657829CC93AF00A9C925 /* SelectTypeView.swift */,
				3950657A29CC940700A9C925 /* UserFirstSelectView.swift */,
				3950657C29CC943B00A9C925 /* TimerView.swift */,
				3950657E29CC945E00A9C925 /* UserFinalSelectView.swift */,
			);
			path = View;
			sourceTree = "<group>";
		};
/* End PBXGroup section */

/* Begin PBXNativeTarget section */
		5624C4A929BFF7CE008C7898 /* Balance-Catch-iOS */ = {
			isa = PBXNativeTarget;
			buildConfigurationList = 5624C4CE29BFF7D2008C7898 /* Build configuration list for PBXNativeTarget "Balance-Catch-iOS" */;
			buildPhases = (
				5624C4A629BFF7CE008C7898 /* Sources */,
				5624C4A729BFF7CE008C7898 /* Frameworks */,
				5624C4A829BFF7CE008C7898 /* Resources */,
			);
			buildRules = (
			);
			dependencies = (
			);
			name = "Balance-Catch-iOS";
			productName = "Balance-Catch-iOS";
			productReference = 5624C4AA29BFF7CE008C7898 /* Balance-Catch-iOS.app */;
			productType = "com.apple.product-type.application";
		};
		5624C4B929BFF7D2008C7898 /* Balance-Catch-iOSTests */ = {
			isa = PBXNativeTarget;
			buildConfigurationList = 5624C4D129BFF7D2008C7898 /* Build configuration list for PBXNativeTarget "Balance-Catch-iOSTests" */;
			buildPhases = (
				5624C4B629BFF7D2008C7898 /* Sources */,
				5624C4B729BFF7D2008C7898 /* Frameworks */,
				5624C4B829BFF7D2008C7898 /* Resources */,
			);
			buildRules = (
			);
			dependencies = (
				5624C4BC29BFF7D2008C7898 /* PBXTargetDependency */,
			);
			name = "Balance-Catch-iOSTests";
			productName = "Balance-Catch-iOSTests";
			productReference = 5624C4BA29BFF7D2008C7898 /* Balance-Catch-iOSTests.xctest */;
			productType = "com.apple.product-type.bundle.unit-test";
		};
		5624C4C329BFF7D2008C7898 /* Balance-Catch-iOSUITests */ = {
			isa = PBXNativeTarget;
			buildConfigurationList = 5624C4D429BFF7D2008C7898 /* Build configuration list for PBXNativeTarget "Balance-Catch-iOSUITests" */;
			buildPhases = (
				5624C4C029BFF7D2008C7898 /* Sources */,
				5624C4C129BFF7D2008C7898 /* Frameworks */,
				5624C4C229BFF7D2008C7898 /* Resources */,
			);
			buildRules = (
			);
			dependencies = (
				5624C4C629BFF7D2008C7898 /* PBXTargetDependency */,
			);
			name = "Balance-Catch-iOSUITests";
			productName = "Balance-Catch-iOSUITests";
			productReference = 5624C4C429BFF7D2008C7898 /* Balance-Catch-iOSUITests.xctest */;
			productType = "com.apple.product-type.bundle.ui-testing";
		};
/* End PBXNativeTarget section */

/* Begin PBXProject section */
		5624C4A229BFF7CE008C7898 /* Project object */ = {
			isa = PBXProject;
			attributes = {
				BuildIndependentTargetsInParallel = 1;
				LastSwiftUpdateCheck = 1330;
				LastUpgradeCheck = 1330;
				TargetAttributes = {
					5624C4A929BFF7CE008C7898 = {
						CreatedOnToolsVersion = 13.3.1;
					};
					5624C4B929BFF7D2008C7898 = {
						CreatedOnToolsVersion = 13.3.1;
						TestTargetID = 5624C4A929BFF7CE008C7898;
					};
					5624C4C329BFF7D2008C7898 = {
						CreatedOnToolsVersion = 13.3.1;
						TestTargetID = 5624C4A929BFF7CE008C7898;
					};
				};
			};
			buildConfigurationList = 5624C4A529BFF7CE008C7898 /* Build configuration list for PBXProject "Balance-Catch-iOS" */;
			compatibilityVersion = "Xcode 13.0";
			developmentRegion = en;
			hasScannedForEncodings = 0;
			knownRegions = (
				en,
				Base,
			);
			mainGroup = 5624C4A129BFF7CE008C7898;
			productRefGroup = 5624C4AB29BFF7CE008C7898 /* Products */;
			projectDirPath = "";
			projectRoot = "";
			targets = (
				5624C4A929BFF7CE008C7898 /* Balance-Catch-iOS */,
				5624C4B929BFF7D2008C7898 /* Balance-Catch-iOSTests */,
				5624C4C329BFF7D2008C7898 /* Balance-Catch-iOSUITests */,
			);
		};
/* End PBXProject section */

/* Begin PBXResourcesBuildPhase section */
		5624C4A829BFF7CE008C7898 /* Resources */ = {
			isa = PBXResourcesBuildPhase;
			buildActionMask = 2147483647;
			files = (
				5624C4B529BFF7D2008C7898 /* Preview Assets.xcassets in Resources */,
				5624C4B229BFF7D2008C7898 /* Assets.xcassets in Resources */,
			);
			runOnlyForDeploymentPostprocessing = 0;
		};
		5624C4B829BFF7D2008C7898 /* Resources */ = {
			isa = PBXResourcesBuildPhase;
			buildActionMask = 2147483647;
			files = (
			);
			runOnlyForDeploymentPostprocessing = 0;
		};
		5624C4C229BFF7D2008C7898 /* Resources */ = {
			isa = PBXResourcesBuildPhase;
			buildActionMask = 2147483647;
			files = (
			);
			runOnlyForDeploymentPostprocessing = 0;
		};
/* End PBXResourcesBuildPhase section */

/* Begin PBXSourcesBuildPhase section */
		5624C4A629BFF7CE008C7898 /* Sources */ = {
			isa = PBXSourcesBuildPhase;
			buildActionMask = 2147483647;
			files = (
				3950657D29CC943B00A9C925 /* TimerView.swift in Sources */,
				3950657929CC93AF00A9C925 /* SelectTypeView.swift in Sources */,
				56E2E49F29C03B050023095C /* CGFloat+.swift in Sources */,
				3950658129CC949600A9C925 /* SelectBox.swift in Sources */,
				3950657B29CC940700A9C925 /* UserFirstSelectView.swift in Sources */,
				3950658329CC94AF00A9C925 /* SelectButton.swift in Sources */,
				56E2E4A629C03E040023095C /* Font+.swift in Sources */,
				56E2E4A129C03BB30023095C /* ShapeStyle+.swift in Sources */,
				3950657F29CC945E00A9C925 /* UserFinalSelectView.swift in Sources */,
				56E2E4A929C055730023095C /* BeforePlayRuleDescriptionView.swift in Sources */,
				56E2E49C29C037160023095C /* RoundedBlueButton.swift in Sources */,
				53A7B0AF29C334B000B99211 /* SelectQuestionThemeView.swift in Sources */,
				53A7B0AD29C333D300B99211 /* PlayerNameInputView.swift in Sources */,
				5624C4B029BFF7CE008C7898 /* LaunchScreenView.swift in Sources */,
				56E2E4A329C03C900023095C /* String+.swift in Sources */,
				56E2E4AB29C056BE0023095C /* PlayerNumberInputView.swift in Sources */,
				3950658529CC961300A9C925 /* TimerCode.swift in Sources */,
				5624C4AE29BFF7CE008C7898 /* Balance_Catch_iOSApp.swift in Sources */,
			);
			runOnlyForDeploymentPostprocessing = 0;
		};
		5624C4B629BFF7D2008C7898 /* Sources */ = {
			isa = PBXSourcesBuildPhase;
			buildActionMask = 2147483647;
			files = (
				5624C4BF29BFF7D2008C7898 /* Balance_Catch_iOSTests.swift in Sources */,
			);
			runOnlyForDeploymentPostprocessing = 0;
		};
		5624C4C029BFF7D2008C7898 /* Sources */ = {
			isa = PBXSourcesBuildPhase;
			buildActionMask = 2147483647;
			files = (
				5624C4C929BFF7D2008C7898 /* Balance_Catch_iOSUITests.swift in Sources */,
				5624C4CB29BFF7D2008C7898 /* Balance_Catch_iOSUITestsLaunchTests.swift in Sources */,
			);
			runOnlyForDeploymentPostprocessing = 0;
		};
/* End PBXSourcesBuildPhase section */

/* Begin PBXTargetDependency section */
		5624C4BC29BFF7D2008C7898 /* PBXTargetDependency */ = {
			isa = PBXTargetDependency;
			target = 5624C4A929BFF7CE008C7898 /* Balance-Catch-iOS */;
			targetProxy = 5624C4BB29BFF7D2008C7898 /* PBXContainerItemProxy */;
		};
		5624C4C629BFF7D2008C7898 /* PBXTargetDependency */ = {
			isa = PBXTargetDependency;
			target = 5624C4A929BFF7CE008C7898 /* Balance-Catch-iOS */;
			targetProxy = 5624C4C529BFF7D2008C7898 /* PBXContainerItemProxy */;
		};
/* End PBXTargetDependency section */

/* Begin XCBuildConfiguration section */
		5624C4CC29BFF7D2008C7898 /* Debug */ = {
			isa = XCBuildConfiguration;
			buildSettings = {
				ALWAYS_SEARCH_USER_PATHS = NO;
				CLANG_ANALYZER_NONNULL = YES;
				CLANG_ANALYZER_NUMBER_OBJECT_CONVERSION = YES_AGGRESSIVE;
				CLANG_CXX_LANGUAGE_STANDARD = "gnu++17";
				CLANG_ENABLE_MODULES = YES;
				CLANG_ENABLE_OBJC_ARC = YES;
				CLANG_ENABLE_OBJC_WEAK = YES;
				CLANG_WARN_BLOCK_CAPTURE_AUTORELEASING = YES;
				CLANG_WARN_BOOL_CONVERSION = YES;
				CLANG_WARN_COMMA = YES;
				CLANG_WARN_CONSTANT_CONVERSION = YES;
				CLANG_WARN_DEPRECATED_OBJC_IMPLEMENTATIONS = YES;
				CLANG_WARN_DIRECT_OBJC_ISA_USAGE = YES_ERROR;
				CLANG_WARN_DOCUMENTATION_COMMENTS = YES;
				CLANG_WARN_EMPTY_BODY = YES;
				CLANG_WARN_ENUM_CONVERSION = YES;
				CLANG_WARN_INFINITE_RECURSION = YES;
				CLANG_WARN_INT_CONVERSION = YES;
				CLANG_WARN_NON_LITERAL_NULL_CONVERSION = YES;
				CLANG_WARN_OBJC_IMPLICIT_RETAIN_SELF = YES;
				CLANG_WARN_OBJC_LITERAL_CONVERSION = YES;
				CLANG_WARN_OBJC_ROOT_CLASS = YES_ERROR;
				CLANG_WARN_QUOTED_INCLUDE_IN_FRAMEWORK_HEADER = YES;
				CLANG_WARN_RANGE_LOOP_ANALYSIS = YES;
				CLANG_WARN_STRICT_PROTOTYPES = YES;
				CLANG_WARN_SUSPICIOUS_MOVE = YES;
				CLANG_WARN_UNGUARDED_AVAILABILITY = YES_AGGRESSIVE;
				CLANG_WARN_UNREACHABLE_CODE = YES;
				CLANG_WARN__DUPLICATE_METHOD_MATCH = YES;
				COPY_PHASE_STRIP = NO;
				DEBUG_INFORMATION_FORMAT = dwarf;
				ENABLE_STRICT_OBJC_MSGSEND = YES;
				ENABLE_TESTABILITY = YES;
				GCC_C_LANGUAGE_STANDARD = gnu11;
				GCC_DYNAMIC_NO_PIC = NO;
				GCC_NO_COMMON_BLOCKS = YES;
				GCC_OPTIMIZATION_LEVEL = 0;
				GCC_PREPROCESSOR_DEFINITIONS = (
					"DEBUG=1",
					"$(inherited)",
				);
				GCC_WARN_64_TO_32_BIT_CONVERSION = YES;
				GCC_WARN_ABOUT_RETURN_TYPE = YES_ERROR;
				GCC_WARN_UNDECLARED_SELECTOR = YES;
				GCC_WARN_UNINITIALIZED_AUTOS = YES_AGGRESSIVE;
				GCC_WARN_UNUSED_FUNCTION = YES;
				GCC_WARN_UNUSED_VARIABLE = YES;
				IPHONEOS_DEPLOYMENT_TARGET = 15.4;
				MTL_ENABLE_DEBUG_INFO = INCLUDE_SOURCE;
				MTL_FAST_MATH = YES;
				ONLY_ACTIVE_ARCH = YES;
				SDKROOT = iphoneos;
				SWIFT_ACTIVE_COMPILATION_CONDITIONS = DEBUG;
				SWIFT_OPTIMIZATION_LEVEL = "-Onone";
			};
			name = Debug;
		};
		5624C4CD29BFF7D2008C7898 /* Release */ = {
			isa = XCBuildConfiguration;
			buildSettings = {
				ALWAYS_SEARCH_USER_PATHS = NO;
				CLANG_ANALYZER_NONNULL = YES;
				CLANG_ANALYZER_NUMBER_OBJECT_CONVERSION = YES_AGGRESSIVE;
				CLANG_CXX_LANGUAGE_STANDARD = "gnu++17";
				CLANG_ENABLE_MODULES = YES;
				CLANG_ENABLE_OBJC_ARC = YES;
				CLANG_ENABLE_OBJC_WEAK = YES;
				CLANG_WARN_BLOCK_CAPTURE_AUTORELEASING = YES;
				CLANG_WARN_BOOL_CONVERSION = YES;
				CLANG_WARN_COMMA = YES;
				CLANG_WARN_CONSTANT_CONVERSION = YES;
				CLANG_WARN_DEPRECATED_OBJC_IMPLEMENTATIONS = YES;
				CLANG_WARN_DIRECT_OBJC_ISA_USAGE = YES_ERROR;
				CLANG_WARN_DOCUMENTATION_COMMENTS = YES;
				CLANG_WARN_EMPTY_BODY = YES;
				CLANG_WARN_ENUM_CONVERSION = YES;
				CLANG_WARN_INFINITE_RECURSION = YES;
				CLANG_WARN_INT_CONVERSION = YES;
				CLANG_WARN_NON_LITERAL_NULL_CONVERSION = YES;
				CLANG_WARN_OBJC_IMPLICIT_RETAIN_SELF = YES;
				CLANG_WARN_OBJC_LITERAL_CONVERSION = YES;
				CLANG_WARN_OBJC_ROOT_CLASS = YES_ERROR;
				CLANG_WARN_QUOTED_INCLUDE_IN_FRAMEWORK_HEADER = YES;
				CLANG_WARN_RANGE_LOOP_ANALYSIS = YES;
				CLANG_WARN_STRICT_PROTOTYPES = YES;
				CLANG_WARN_SUSPICIOUS_MOVE = YES;
				CLANG_WARN_UNGUARDED_AVAILABILITY = YES_AGGRESSIVE;
				CLANG_WARN_UNREACHABLE_CODE = YES;
				CLANG_WARN__DUPLICATE_METHOD_MATCH = YES;
				COPY_PHASE_STRIP = NO;
				DEBUG_INFORMATION_FORMAT = "dwarf-with-dsym";
				ENABLE_NS_ASSERTIONS = NO;
				ENABLE_STRICT_OBJC_MSGSEND = YES;
				GCC_C_LANGUAGE_STANDARD = gnu11;
				GCC_NO_COMMON_BLOCKS = YES;
				GCC_WARN_64_TO_32_BIT_CONVERSION = YES;
				GCC_WARN_ABOUT_RETURN_TYPE = YES_ERROR;
				GCC_WARN_UNDECLARED_SELECTOR = YES;
				GCC_WARN_UNINITIALIZED_AUTOS = YES_AGGRESSIVE;
				GCC_WARN_UNUSED_FUNCTION = YES;
				GCC_WARN_UNUSED_VARIABLE = YES;
				IPHONEOS_DEPLOYMENT_TARGET = 15.4;
				MTL_ENABLE_DEBUG_INFO = NO;
				MTL_FAST_MATH = YES;
				SDKROOT = iphoneos;
				SWIFT_COMPILATION_MODE = wholemodule;
				SWIFT_OPTIMIZATION_LEVEL = "-O";
				VALIDATE_PRODUCT = YES;
			};
			name = Release;
		};
		5624C4CF29BFF7D2008C7898 /* Debug */ = {
			isa = XCBuildConfiguration;
			buildSettings = {
				ASSETCATALOG_COMPILER_APPICON_NAME = AppIcon;
				ASSETCATALOG_COMPILER_GLOBAL_ACCENT_COLOR_NAME = AccentColor;
				CODE_SIGN_STYLE = Automatic;
				CURRENT_PROJECT_VERSION = 1;
				DEVELOPMENT_ASSET_PATHS = "\"Balance-Catch-iOS/Preview Content\"";
				DEVELOPMENT_TEAM = 3KZP62644C;
				ENABLE_PREVIEWS = YES;
				GENERATE_INFOPLIST_FILE = YES;
				INFOPLIST_KEY_UIApplicationSceneManifest_Generation = YES;
				INFOPLIST_KEY_UIApplicationSupportsIndirectInputEvents = YES;
				INFOPLIST_KEY_UILaunchScreen_Generation = YES;
				INFOPLIST_KEY_UISupportedInterfaceOrientations_iPad = "UIInterfaceOrientationPortrait UIInterfaceOrientationPortraitUpsideDown UIInterfaceOrientationLandscapeLeft UIInterfaceOrientationLandscapeRight";
				INFOPLIST_KEY_UISupportedInterfaceOrientations_iPhone = "UIInterfaceOrientationPortrait UIInterfaceOrientationLandscapeLeft UIInterfaceOrientationLandscapeRight";
				LD_RUNPATH_SEARCH_PATHS = (
					"$(inherited)",
					"@executable_path/Frameworks",
				);
				MARKETING_VERSION = 1.0;
				PRODUCT_BUNDLE_IDENTIFIER = "com.minny27.Balance-Catch-iOS";
				PRODUCT_NAME = "$(TARGET_NAME)";
				SWIFT_EMIT_LOC_STRINGS = YES;
				SWIFT_VERSION = 5.0;
				TARGETED_DEVICE_FAMILY = "1,2";
			};
			name = Debug;
		};
		5624C4D029BFF7D2008C7898 /* Release */ = {
			isa = XCBuildConfiguration;
			buildSettings = {
				ASSETCATALOG_COMPILER_APPICON_NAME = AppIcon;
				ASSETCATALOG_COMPILER_GLOBAL_ACCENT_COLOR_NAME = AccentColor;
				CODE_SIGN_STYLE = Automatic;
				CURRENT_PROJECT_VERSION = 1;
				DEVELOPMENT_ASSET_PATHS = "\"Balance-Catch-iOS/Preview Content\"";
				DEVELOPMENT_TEAM = 3KZP62644C;
				ENABLE_PREVIEWS = YES;
				GENERATE_INFOPLIST_FILE = YES;
				INFOPLIST_KEY_UIApplicationSceneManifest_Generation = YES;
				INFOPLIST_KEY_UIApplicationSupportsIndirectInputEvents = YES;
				INFOPLIST_KEY_UILaunchScreen_Generation = YES;
				INFOPLIST_KEY_UISupportedInterfaceOrientations_iPad = "UIInterfaceOrientationPortrait UIInterfaceOrientationPortraitUpsideDown UIInterfaceOrientationLandscapeLeft UIInterfaceOrientationLandscapeRight";
				INFOPLIST_KEY_UISupportedInterfaceOrientations_iPhone = "UIInterfaceOrientationPortrait UIInterfaceOrientationLandscapeLeft UIInterfaceOrientationLandscapeRight";
				LD_RUNPATH_SEARCH_PATHS = (
					"$(inherited)",
					"@executable_path/Frameworks",
				);
				MARKETING_VERSION = 1.0;
				PRODUCT_BUNDLE_IDENTIFIER = "com.minny27.Balance-Catch-iOS";
				PRODUCT_NAME = "$(TARGET_NAME)";
				SWIFT_EMIT_LOC_STRINGS = YES;
				SWIFT_VERSION = 5.0;
				TARGETED_DEVICE_FAMILY = "1,2";
			};
			name = Release;
		};
		5624C4D229BFF7D2008C7898 /* Debug */ = {
			isa = XCBuildConfiguration;
			buildSettings = {
				ALWAYS_EMBED_SWIFT_STANDARD_LIBRARIES = YES;
				BUNDLE_LOADER = "$(TEST_HOST)";
				CODE_SIGN_STYLE = Automatic;
				CURRENT_PROJECT_VERSION = 1;
				DEVELOPMENT_TEAM = 3KZP62644C;
				GENERATE_INFOPLIST_FILE = YES;
				IPHONEOS_DEPLOYMENT_TARGET = 15.4;
				MARKETING_VERSION = 1.0;
				PRODUCT_BUNDLE_IDENTIFIER = "com.minny27.Balance-Catch-iOSTests";
				PRODUCT_NAME = "$(TARGET_NAME)";
				SWIFT_EMIT_LOC_STRINGS = NO;
				SWIFT_VERSION = 5.0;
				TARGETED_DEVICE_FAMILY = "1,2";
				TEST_HOST = "$(BUILT_PRODUCTS_DIR)/Balance-Catch-iOS.app/Balance-Catch-iOS";
			};
			name = Debug;
		};
		5624C4D329BFF7D2008C7898 /* Release */ = {
			isa = XCBuildConfiguration;
			buildSettings = {
				ALWAYS_EMBED_SWIFT_STANDARD_LIBRARIES = YES;
				BUNDLE_LOADER = "$(TEST_HOST)";
				CODE_SIGN_STYLE = Automatic;
				CURRENT_PROJECT_VERSION = 1;
				DEVELOPMENT_TEAM = 3KZP62644C;
				GENERATE_INFOPLIST_FILE = YES;
				IPHONEOS_DEPLOYMENT_TARGET = 15.4;
				MARKETING_VERSION = 1.0;
				PRODUCT_BUNDLE_IDENTIFIER = "com.minny27.Balance-Catch-iOSTests";
				PRODUCT_NAME = "$(TARGET_NAME)";
				SWIFT_EMIT_LOC_STRINGS = NO;
				SWIFT_VERSION = 5.0;
				TARGETED_DEVICE_FAMILY = "1,2";
				TEST_HOST = "$(BUILT_PRODUCTS_DIR)/Balance-Catch-iOS.app/Balance-Catch-iOS";
			};
			name = Release;
		};
		5624C4D529BFF7D2008C7898 /* Debug */ = {
			isa = XCBuildConfiguration;
			buildSettings = {
				ALWAYS_EMBED_SWIFT_STANDARD_LIBRARIES = YES;
				CODE_SIGN_STYLE = Automatic;
				CURRENT_PROJECT_VERSION = 1;
				DEVELOPMENT_TEAM = 3KZP62644C;
				GENERATE_INFOPLIST_FILE = YES;
				MARKETING_VERSION = 1.0;
				PRODUCT_BUNDLE_IDENTIFIER = "com.minny27.Balance-Catch-iOSUITests";
				PRODUCT_NAME = "$(TARGET_NAME)";
				SWIFT_EMIT_LOC_STRINGS = NO;
				SWIFT_VERSION = 5.0;
				TARGETED_DEVICE_FAMILY = "1,2";
				TEST_TARGET_NAME = "Balance-Catch-iOS";
			};
			name = Debug;
		};
		5624C4D629BFF7D2008C7898 /* Release */ = {
			isa = XCBuildConfiguration;
			buildSettings = {
				ALWAYS_EMBED_SWIFT_STANDARD_LIBRARIES = YES;
				CODE_SIGN_STYLE = Automatic;
				CURRENT_PROJECT_VERSION = 1;
				DEVELOPMENT_TEAM = 3KZP62644C;
				GENERATE_INFOPLIST_FILE = YES;
				MARKETING_VERSION = 1.0;
				PRODUCT_BUNDLE_IDENTIFIER = "com.minny27.Balance-Catch-iOSUITests";
				PRODUCT_NAME = "$(TARGET_NAME)";
				SWIFT_EMIT_LOC_STRINGS = NO;
				SWIFT_VERSION = 5.0;
				TARGETED_DEVICE_FAMILY = "1,2";
				TEST_TARGET_NAME = "Balance-Catch-iOS";
			};
			name = Release;
		};
/* End XCBuildConfiguration section */

/* Begin XCConfigurationList section */
		5624C4A529BFF7CE008C7898 /* Build configuration list for PBXProject "Balance-Catch-iOS" */ = {
			isa = XCConfigurationList;
			buildConfigurations = (
				5624C4CC29BFF7D2008C7898 /* Debug */,
				5624C4CD29BFF7D2008C7898 /* Release */,
			);
			defaultConfigurationIsVisible = 0;
			defaultConfigurationName = Release;
		};
		5624C4CE29BFF7D2008C7898 /* Build configuration list for PBXNativeTarget "Balance-Catch-iOS" */ = {
			isa = XCConfigurationList;
			buildConfigurations = (
				5624C4CF29BFF7D2008C7898 /* Debug */,
				5624C4D029BFF7D2008C7898 /* Release */,
			);
			defaultConfigurationIsVisible = 0;
			defaultConfigurationName = Release;
		};
		5624C4D129BFF7D2008C7898 /* Build configuration list for PBXNativeTarget "Balance-Catch-iOSTests" */ = {
			isa = XCConfigurationList;
			buildConfigurations = (
				5624C4D229BFF7D2008C7898 /* Debug */,
				5624C4D329BFF7D2008C7898 /* Release */,
			);
			defaultConfigurationIsVisible = 0;
			defaultConfigurationName = Release;
		};
		5624C4D429BFF7D2008C7898 /* Build configuration list for PBXNativeTarget "Balance-Catch-iOSUITests" */ = {
			isa = XCConfigurationList;
			buildConfigurations = (
				5624C4D529BFF7D2008C7898 /* Debug */,
				5624C4D629BFF7D2008C7898 /* Release */,
			);
			defaultConfigurationIsVisible = 0;
			defaultConfigurationName = Release;
		};
/* End XCConfigurationList section */
	};
	rootObject = 5624C4A229BFF7CE008C7898 /* Project object */;
}
